// !$*UTF8*$!
{
	archiveVersion = 1;
	classes = {
	};
	objectVersion = 50;
	objects = {

/* Begin PBXBuildFile section */
		603400822193068100C0BA7D /* AppStubGenerator.swift in Sources */ = {isa = PBXBuildFile; fileRef = 603400812193068100C0BA7D /* AppStubGenerator.swift */; };
		603400992193084000C0BA7D /* Core.framework in Frameworks */ = {isa = PBXBuildFile; fileRef = 603400982193084000C0BA7D /* Core.framework */; };
		6034009B2193084000C0BA7D /* Networking.framework in Frameworks */ = {isa = PBXBuildFile; fileRef = 6034009A2193084000C0BA7D /* Networking.framework */; };
		6034009F2193084A00C0BA7D /* Core.framework in Embed Frameworks */ = {isa = PBXBuildFile; fileRef = 603400982193084000C0BA7D /* Core.framework */; settings = {ATTRIBUTES = (CodeSignOnCopy, RemoveHeadersOnCopy, ); }; };
		603400A12193084A00C0BA7D /* Networking.framework in Embed Frameworks */ = {isa = PBXBuildFile; fileRef = 6034009A2193084000C0BA7D /* Networking.framework */; settings = {ATTRIBUTES = (CodeSignOnCopy, RemoveHeadersOnCopy, ); }; };
		603400B22193130900C0BA7D /* Authentication.framework in Frameworks */ = {isa = PBXBuildFile; fileRef = 603400962193084000C0BA7D /* Authentication.framework */; };
		603400B32193130900C0BA7D /* Core.framework in Frameworks */ = {isa = PBXBuildFile; fileRef = 603400982193084000C0BA7D /* Core.framework */; };
		603400B42193130900C0BA7D /* Networking.framework in Frameworks */ = {isa = PBXBuildFile; fileRef = 6034009A2193084000C0BA7D /* Networking.framework */; };
		6034FFCB2192F45D00C0BA7D /* App.swift in Sources */ = {isa = PBXBuildFile; fileRef = 6034FFCA2192F45D00C0BA7D /* App.swift */; };
		6041138D21A322F400C3307C /* Main.framework in Frameworks */ = {isa = PBXBuildFile; fileRef = 6041138C21A322F400C3307C /* Main.framework */; };
		6041138E21A322F800C3307C /* Authentication.framework in Frameworks */ = {isa = PBXBuildFile; fileRef = 603400962193084000C0BA7D /* Authentication.framework */; };
		6041138F21A322F800C3307C /* Authentication.framework in Embed Frameworks */ = {isa = PBXBuildFile; fileRef = 603400962193084000C0BA7D /* Authentication.framework */; settings = {ATTRIBUTES = (CodeSignOnCopy, RemoveHeadersOnCopy, ); }; };
		6041139021A322FD00C3307C /* Main.framework in Frameworks */ = {isa = PBXBuildFile; fileRef = 6041138C21A322F400C3307C /* Main.framework */; };
		6041139121A322FD00C3307C /* Main.framework in Embed Frameworks */ = {isa = PBXBuildFile; fileRef = 6041138C21A322F400C3307C /* Main.framework */; settings = {ATTRIBUTES = (CodeSignOnCopy, RemoveHeadersOnCopy, ); }; };
		604113A321A32D8E00C3307C /* UITestsApplicationProtocol.swift in Sources */ = {isa = PBXBuildFile; fileRef = 604113A121A32D8E00C3307C /* UITestsApplicationProtocol.swift */; };
		604113A421A32D8E00C3307C /* PageObject.swift in Sources */ = {isa = PBXBuildFile; fileRef = 604113A221A32D8E00C3307C /* PageObject.swift */; };
		6068EBAE2156325F004A44DF /* AppDelegate.swift in Sources */ = {isa = PBXBuildFile; fileRef = 6068EBAD2156325F004A44DF /* AppDelegate.swift */; };
		6068EBB521563260004A44DF /* Assets.xcassets in Resources */ = {isa = PBXBuildFile; fileRef = 6068EBB421563260004A44DF /* Assets.xcassets */; };
		6068EBB821563260004A44DF /* LaunchScreen.storyboard in Resources */ = {isa = PBXBuildFile; fileRef = 6068EBB621563260004A44DF /* LaunchScreen.storyboard */; };
		6068EBCE21563260004A44DF /* AppTests.swift in Sources */ = {isa = PBXBuildFile; fileRef = 6068EBCD21563260004A44DF /* AppTests.swift */; };
		60A9FF10216B8F0C007966A7 /* MainPage.swift in Sources */ = {isa = PBXBuildFile; fileRef = 60A9FF01216B8E70007966A7 /* MainPage.swift */; };
/* End PBXBuildFile section */

/* Begin PBXContainerItemProxy section */
		6068EBCA21563260004A44DF /* PBXContainerItemProxy */ = {
			isa = PBXContainerItemProxy;
			containerPortal = 6068EBA22156325F004A44DF /* Project object */;
			proxyType = 1;
			remoteGlobalIDString = 6068EBA92156325F004A44DF;
			remoteInfo = "test-pyramid";
		};
/* End PBXContainerItemProxy section */

/* Begin PBXCopyFilesBuildPhase section */
		603400A22193084A00C0BA7D /* Embed Frameworks */ = {
			isa = PBXCopyFilesBuildPhase;
			buildActionMask = 2147483647;
			dstPath = "";
			dstSubfolderSpec = 10;
			files = (
				6041138F21A322F800C3307C /* Authentication.framework in Embed Frameworks */,
				6034009F2193084A00C0BA7D /* Core.framework in Embed Frameworks */,
				603400A12193084A00C0BA7D /* Networking.framework in Embed Frameworks */,
				6041139121A322FD00C3307C /* Main.framework in Embed Frameworks */,
			);
			name = "Embed Frameworks";
			runOnlyForDeploymentPostprocessing = 0;
		};
/* End PBXCopyFilesBuildPhase section */

/* Begin PBXFileReference section */
		603400812193068100C0BA7D /* AppStubGenerator.swift */ = {isa = PBXFileReference; lastKnownFileType = sourcecode.swift; path = AppStubGenerator.swift; sourceTree = "<group>"; };
		603400962193084000C0BA7D /* Authentication.framework */ = {isa = PBXFileReference; explicitFileType = wrapper.framework; path = Authentication.framework; sourceTree = BUILT_PRODUCTS_DIR; };
		603400982193084000C0BA7D /* Core.framework */ = {isa = PBXFileReference; explicitFileType = wrapper.framework; path = Core.framework; sourceTree = BUILT_PRODUCTS_DIR; };
		6034009A2193084000C0BA7D /* Networking.framework */ = {isa = PBXFileReference; explicitFileType = wrapper.framework; path = Networking.framework; sourceTree = BUILT_PRODUCTS_DIR; };
		6034FFCA2192F45D00C0BA7D /* App.swift */ = {isa = PBXFileReference; lastKnownFileType = sourcecode.swift; path = App.swift; sourceTree = "<group>"; };
		6041138C21A322F400C3307C /* Main.framework */ = {isa = PBXFileReference; explicitFileType = wrapper.framework; path = Main.framework; sourceTree = BUILT_PRODUCTS_DIR; };
		604113A121A32D8E00C3307C /* UITestsApplicationProtocol.swift */ = {isa = PBXFileReference; fileEncoding = 4; lastKnownFileType = sourcecode.swift; name = UITestsApplicationProtocol.swift; path = Testing/Testing/UITestsApplicationProtocol.swift; sourceTree = SOURCE_ROOT; };
		604113A221A32D8E00C3307C /* PageObject.swift */ = {isa = PBXFileReference; fileEncoding = 4; lastKnownFileType = sourcecode.swift; name = PageObject.swift; path = Testing/Testing/PageObject.swift; sourceTree = SOURCE_ROOT; };
		6068EBAA2156325F004A44DF /* TestAutomationExample.app */ = {isa = PBXFileReference; explicitFileType = wrapper.application; includeInIndex = 0; path = TestAutomationExample.app; sourceTree = BUILT_PRODUCTS_DIR; };
		6068EBAD2156325F004A44DF /* AppDelegate.swift */ = {isa = PBXFileReference; lastKnownFileType = sourcecode.swift; path = AppDelegate.swift; sourceTree = "<group>"; };
		6068EBB421563260004A44DF /* Assets.xcassets */ = {isa = PBXFileReference; lastKnownFileType = folder.assetcatalog; path = Assets.xcassets; sourceTree = "<group>"; };
		6068EBB721563260004A44DF /* Base */ = {isa = PBXFileReference; lastKnownFileType = file.storyboard; name = Base; path = Base.lproj/LaunchScreen.storyboard; sourceTree = "<group>"; };
		6068EBB921563260004A44DF /* Info.plist */ = {isa = PBXFileReference; lastKnownFileType = text.plist.xml; path = Info.plist; sourceTree = "<group>"; };
		6068EBC921563260004A44DF /* TestAutomationExampleEndToEndTests.xctest */ = {isa = PBXFileReference; explicitFileType = wrapper.cfbundle; includeInIndex = 0; path = TestAutomationExampleEndToEndTests.xctest; sourceTree = BUILT_PRODUCTS_DIR; };
		6068EBCD21563260004A44DF /* AppTests.swift */ = {isa = PBXFileReference; lastKnownFileType = sourcecode.swift; path = AppTests.swift; sourceTree = "<group>"; };
		6068EBCF21563260004A44DF /* Info.plist */ = {isa = PBXFileReference; lastKnownFileType = text.plist.xml; path = Info.plist; sourceTree = "<group>"; };
		60A9FF01216B8E70007966A7 /* MainPage.swift */ = {isa = PBXFileReference; lastKnownFileType = sourcecode.swift; path = MainPage.swift; sourceTree = "<group>"; };
/* End PBXFileReference section */

/* Begin PBXFrameworksBuildPhase section */
		6068EBA72156325F004A44DF /* Frameworks */ = {
			isa = PBXFrameworksBuildPhase;
			buildActionMask = 2147483647;
			files = (
				6041138D21A322F400C3307C /* Main.framework in Frameworks */,
				603400992193084000C0BA7D /* Core.framework in Frameworks */,
				6041138E21A322F800C3307C /* Authentication.framework in Frameworks */,
				6034009B2193084000C0BA7D /* Networking.framework in Frameworks */,
				6041139021A322FD00C3307C /* Main.framework in Frameworks */,
			);
			runOnlyForDeploymentPostprocessing = 0;
		};
		6068EBC621563260004A44DF /* Frameworks */ = {
			isa = PBXFrameworksBuildPhase;
			buildActionMask = 2147483647;
			files = (
				603400B32193130900C0BA7D /* Core.framework in Frameworks */,
				603400B42193130900C0BA7D /* Networking.framework in Frameworks */,
				603400B22193130900C0BA7D /* Authentication.framework in Frameworks */,
			);
			runOnlyForDeploymentPostprocessing = 0;
		};
/* End PBXFrameworksBuildPhase section */

/* Begin PBXGroup section */
		6034008C2193080F00C0BA7D /* Frameworks */ = {
			isa = PBXGroup;
			children = (
				6041138C21A322F400C3307C /* Main.framework */,
				603400962193084000C0BA7D /* Authentication.framework */,
				603400982193084000C0BA7D /* Core.framework */,
				6034009A2193084000C0BA7D /* Networking.framework */,
			);
			path = Frameworks;
			sourceTree = "<group>";
		};
		604113A021A32D7700C3307C /* Shared */ = {
			isa = PBXGroup;
			children = (
				604113A221A32D8E00C3307C /* PageObject.swift */,
				604113A121A32D8E00C3307C /* UITestsApplicationProtocol.swift */,
			);
			path = Shared;
			sourceTree = "<group>";
		};
		6068EBA12156325F004A44DF = {
			isa = PBXGroup;
			children = (
				6068EBAC2156325F004A44DF /* TestAutomationExample */,
				6068EBCC21563260004A44DF /* TestAutomationExampleEndToEndTests */,
				6034008C2193080F00C0BA7D /* Frameworks */,
				6068EBAB2156325F004A44DF /* Products */,
			);
			sourceTree = "<group>";
		};
		6068EBAB2156325F004A44DF /* Products */ = {
			isa = PBXGroup;
			children = (
				6068EBAA2156325F004A44DF /* TestAutomationExample.app */,
				6068EBC921563260004A44DF /* TestAutomationExampleEndToEndTests.xctest */,
			);
			name = Products;
			sourceTree = "<group>";
		};
		6068EBAC2156325F004A44DF /* TestAutomationExample */ = {
			isa = PBXGroup;
			children = (
				6034FFCA2192F45D00C0BA7D /* App.swift */,
				6068EBAD2156325F004A44DF /* AppDelegate.swift */,
				603400812193068100C0BA7D /* AppStubGenerator.swift */,
				6068EBB421563260004A44DF /* Assets.xcassets */,
				6068EBB621563260004A44DF /* LaunchScreen.storyboard */,
				6068EBB921563260004A44DF /* Info.plist */,
			);
			path = TestAutomationExample;
			sourceTree = "<group>";
		};
		6068EBCC21563260004A44DF /* TestAutomationExampleEndToEndTests */ = {
			isa = PBXGroup;
			children = (
				604113A021A32D7700C3307C /* Shared */,
				60A9FF01216B8E70007966A7 /* MainPage.swift */,
				6068EBCD21563260004A44DF /* AppTests.swift */,
				6068EBCF21563260004A44DF /* Info.plist */,
			);
			path = TestAutomationExampleEndToEndTests;
			sourceTree = "<group>";
		};
/* End PBXGroup section */

/* Begin PBXNativeTarget section */
		6068EBA92156325F004A44DF /* TestAutomationExample */ = {
			isa = PBXNativeTarget;
			buildConfigurationList = 6068EBD221563260004A44DF /* Build configuration list for PBXNativeTarget "TestAutomationExample" */;
			buildPhases = (
				6068EBA62156325F004A44DF /* Sources */,
				6068EBA72156325F004A44DF /* Frameworks */,
				6068EBA82156325F004A44DF /* Resources */,
				603400A22193084A00C0BA7D /* Embed Frameworks */,
			);
			buildRules = (
			);
			dependencies = (
			);
			name = TestAutomationExample;
			productName = "test-pyramid";
			productReference = 6068EBAA2156325F004A44DF /* TestAutomationExample.app */;
			productType = "com.apple.product-type.application";
		};
		6068EBC821563260004A44DF /* TestAutomationExampleEndToEndTests */ = {
			isa = PBXNativeTarget;
			buildConfigurationList = 6068EBD821563260004A44DF /* Build configuration list for PBXNativeTarget "TestAutomationExampleEndToEndTests" */;
			buildPhases = (
				6068EBC521563260004A44DF /* Sources */,
				6068EBC621563260004A44DF /* Frameworks */,
				6068EBC721563260004A44DF /* Resources */,
			);
			buildRules = (
			);
			dependencies = (
				6068EBCB21563260004A44DF /* PBXTargetDependency */,
			);
			name = TestAutomationExampleEndToEndTests;
			productName = "test-pyramidUITests";
			productReference = 6068EBC921563260004A44DF /* TestAutomationExampleEndToEndTests.xctest */;
			productType = "com.apple.product-type.bundle.ui-testing";
		};
/* End PBXNativeTarget section */

/* Begin PBXProject section */
		6068EBA22156325F004A44DF /* Project object */ = {
			isa = PBXProject;
			attributes = {
				LastSwiftUpdateCheck = 1000;
				LastUpgradeCheck = 0930;
				ORGANIZATIONNAME = "Bartłomiej Nowak";
				TargetAttributes = {
					6068EBA92156325F004A44DF = {
						CreatedOnToolsVersion = 9.3.1;
					};
					6068EBC821563260004A44DF = {
						CreatedOnToolsVersion = 9.3.1;
						TestTargetID = 6068EBA92156325F004A44DF;
					};
				};
			};
			buildConfigurationList = 6068EBA52156325F004A44DF /* Build configuration list for PBXProject "TestAutomationExample" */;
			compatibilityVersion = "Xcode 9.3";
			developmentRegion = en;
			hasScannedForEncodings = 0;
			knownRegions = (
				en,
				Base,
			);
			mainGroup = 6068EBA12156325F004A44DF;
			productRefGroup = 6068EBAB2156325F004A44DF /* Products */;
			projectDirPath = "";
			projectRoot = "";
			targets = (
				6068EBA92156325F004A44DF /* TestAutomationExample */,
				6068EBC821563260004A44DF /* TestAutomationExampleEndToEndTests */,
			);
		};
/* End PBXProject section */

/* Begin PBXResourcesBuildPhase section */
		6068EBA82156325F004A44DF /* Resources */ = {
			isa = PBXResourcesBuildPhase;
			buildActionMask = 2147483647;
			files = (
				6068EBB821563260004A44DF /* LaunchScreen.storyboard in Resources */,
				6068EBB521563260004A44DF /* Assets.xcassets in Resources */,
			);
			runOnlyForDeploymentPostprocessing = 0;
		};
		6068EBC721563260004A44DF /* Resources */ = {
			isa = PBXResourcesBuildPhase;
			buildActionMask = 2147483647;
			files = (
			);
			runOnlyForDeploymentPostprocessing = 0;
		};
/* End PBXResourcesBuildPhase section */

/* Begin PBXSourcesBuildPhase section */
		6068EBA62156325F004A44DF /* Sources */ = {
			isa = PBXSourcesBuildPhase;
			buildActionMask = 2147483647;
			files = (
				6034FFCB2192F45D00C0BA7D /* App.swift in Sources */,
				6068EBAE2156325F004A44DF /* AppDelegate.swift in Sources */,
				603400822193068100C0BA7D /* AppStubGenerator.swift in Sources */,
			);
			runOnlyForDeploymentPostprocessing = 0;
		};
		6068EBC521563260004A44DF /* Sources */ = {
			isa = PBXSourcesBuildPhase;
			buildActionMask = 2147483647;
			files = (
				604113A321A32D8E00C3307C /* UITestsApplicationProtocol.swift in Sources */,
				6068EBCE21563260004A44DF /* AppTests.swift in Sources */,
				60A9FF10216B8F0C007966A7 /* MainPage.swift in Sources */,
				604113A421A32D8E00C3307C /* PageObject.swift in Sources */,
			);
			runOnlyForDeploymentPostprocessing = 0;
		};
/* End PBXSourcesBuildPhase section */

/* Begin PBXTargetDependency section */
		6068EBCB21563260004A44DF /* PBXTargetDependency */ = {
			isa = PBXTargetDependency;
			target = 6068EBA92156325F004A44DF /* TestAutomationExample */;
			targetProxy = 6068EBCA21563260004A44DF /* PBXContainerItemProxy */;
		};
/* End PBXTargetDependency section */

/* Begin PBXVariantGroup section */
		6068EBB621563260004A44DF /* LaunchScreen.storyboard */ = {
			isa = PBXVariantGroup;
			children = (
				6068EBB721563260004A44DF /* Base */,
			);
			name = LaunchScreen.storyboard;
			sourceTree = "<group>";
		};
/* End PBXVariantGroup section */

/* Begin XCBuildConfiguration section */
		6068EBD021563260004A44DF /* Debug */ = {
			isa = XCBuildConfiguration;
			buildSettings = {
				ALWAYS_SEARCH_USER_PATHS = NO;
				CLANG_ANALYZER_NONNULL = YES;
				CLANG_ANALYZER_NUMBER_OBJECT_CONVERSION = YES_AGGRESSIVE;
				CLANG_CXX_LANGUAGE_STANDARD = "gnu++14";
				CLANG_CXX_LIBRARY = "libc++";
				CLANG_ENABLE_MODULES = YES;
				CLANG_ENABLE_OBJC_ARC = YES;
				CLANG_ENABLE_OBJC_WEAK = YES;
				CLANG_WARN_BLOCK_CAPTURE_AUTORELEASING = YES;
				CLANG_WARN_BOOL_CONVERSION = YES;
				CLANG_WARN_COMMA = YES;
				CLANG_WARN_CONSTANT_CONVERSION = YES;
				CLANG_WARN_DEPRECATED_OBJC_IMPLEMENTATIONS = YES;
				CLANG_WARN_DIRECT_OBJC_ISA_USAGE = YES_ERROR;
				CLANG_WARN_DOCUMENTATION_COMMENTS = YES;
				CLANG_WARN_EMPTY_BODY = YES;
				CLANG_WARN_ENUM_CONVERSION = YES;
				CLANG_WARN_INFINITE_RECURSION = YES;
				CLANG_WARN_INT_CONVERSION = YES;
				CLANG_WARN_NON_LITERAL_NULL_CONVERSION = YES;
				CLANG_WARN_OBJC_IMPLICIT_RETAIN_SELF = YES;
				CLANG_WARN_OBJC_LITERAL_CONVERSION = YES;
				CLANG_WARN_OBJC_ROOT_CLASS = YES_ERROR;
				CLANG_WARN_RANGE_LOOP_ANALYSIS = YES;
				CLANG_WARN_STRICT_PROTOTYPES = YES;
				CLANG_WARN_SUSPICIOUS_MOVE = YES;
				CLANG_WARN_UNGUARDED_AVAILABILITY = YES_AGGRESSIVE;
				CLANG_WARN_UNREACHABLE_CODE = YES;
				CLANG_WARN__DUPLICATE_METHOD_MATCH = YES;
				CODE_SIGN_IDENTITY = "iPhone Developer";
				COPY_PHASE_STRIP = NO;
				DEBUG_INFORMATION_FORMAT = dwarf;
				ENABLE_STRICT_OBJC_MSGSEND = YES;
				ENABLE_TESTABILITY = YES;
				GCC_C_LANGUAGE_STANDARD = gnu11;
				GCC_DYNAMIC_NO_PIC = NO;
				GCC_NO_COMMON_BLOCKS = YES;
				GCC_OPTIMIZATION_LEVEL = 0;
				GCC_PREPROCESSOR_DEFINITIONS = (
					"DEBUG=1",
					"$(inherited)",
				);
				GCC_WARN_64_TO_32_BIT_CONVERSION = YES;
				GCC_WARN_ABOUT_RETURN_TYPE = YES_ERROR;
				GCC_WARN_UNDECLARED_SELECTOR = YES;
				GCC_WARN_UNINITIALIZED_AUTOS = YES_AGGRESSIVE;
				GCC_WARN_UNUSED_FUNCTION = YES;
				GCC_WARN_UNUSED_VARIABLE = YES;
				IPHONEOS_DEPLOYMENT_TARGET = 11.3;
				MTL_ENABLE_DEBUG_INFO = YES;
				ONLY_ACTIVE_ARCH = YES;
				SDKROOT = iphoneos;
				SWIFT_ACTIVE_COMPILATION_CONDITIONS = DEBUG;
				SWIFT_OPTIMIZATION_LEVEL = "-Onone";
			};
			name = Debug;
		};
		6068EBD121563260004A44DF /* Release */ = {
			isa = XCBuildConfiguration;
			buildSettings = {
				ALWAYS_SEARCH_USER_PATHS = NO;
				CLANG_ANALYZER_NONNULL = YES;
				CLANG_ANALYZER_NUMBER_OBJECT_CONVERSION = YES_AGGRESSIVE;
				CLANG_CXX_LANGUAGE_STANDARD = "gnu++14";
				CLANG_CXX_LIBRARY = "libc++";
				CLANG_ENABLE_MODULES = YES;
				CLANG_ENABLE_OBJC_ARC = YES;
				CLANG_ENABLE_OBJC_WEAK = YES;
				CLANG_WARN_BLOCK_CAPTURE_AUTORELEASING = YES;
				CLANG_WARN_BOOL_CONVERSION = YES;
				CLANG_WARN_COMMA = YES;
				CLANG_WARN_CONSTANT_CONVERSION = YES;
				CLANG_WARN_DEPRECATED_OBJC_IMPLEMENTATIONS = YES;
				CLANG_WARN_DIRECT_OBJC_ISA_USAGE = YES_ERROR;
				CLANG_WARN_DOCUMENTATION_COMMENTS = YES;
				CLANG_WARN_EMPTY_BODY = YES;
				CLANG_WARN_ENUM_CONVERSION = YES;
				CLANG_WARN_INFINITE_RECURSION = YES;
				CLANG_WARN_INT_CONVERSION = YES;
				CLANG_WARN_NON_LITERAL_NULL_CONVERSION = YES;
				CLANG_WARN_OBJC_IMPLICIT_RETAIN_SELF = YES;
				CLANG_WARN_OBJC_LITERAL_CONVERSION = YES;
				CLANG_WARN_OBJC_ROOT_CLASS = YES_ERROR;
				CLANG_WARN_RANGE_LOOP_ANALYSIS = YES;
				CLANG_WARN_STRICT_PROTOTYPES = YES;
				CLANG_WARN_SUSPICIOUS_MOVE = YES;
				CLANG_WARN_UNGUARDED_AVAILABILITY = YES_AGGRESSIVE;
				CLANG_WARN_UNREACHABLE_CODE = YES;
				CLANG_WARN__DUPLICATE_METHOD_MATCH = YES;
				CODE_SIGN_IDENTITY = "iPhone Developer";
				COPY_PHASE_STRIP = NO;
				DEBUG_INFORMATION_FORMAT = "dwarf-with-dsym";
				ENABLE_NS_ASSERTIONS = NO;
				ENABLE_STRICT_OBJC_MSGSEND = YES;
				GCC_C_LANGUAGE_STANDARD = gnu11;
				GCC_NO_COMMON_BLOCKS = YES;
				GCC_WARN_64_TO_32_BIT_CONVERSION = YES;
				GCC_WARN_ABOUT_RETURN_TYPE = YES_ERROR;
				GCC_WARN_UNDECLARED_SELECTOR = YES;
				GCC_WARN_UNINITIALIZED_AUTOS = YES_AGGRESSIVE;
				GCC_WARN_UNUSED_FUNCTION = YES;
				GCC_WARN_UNUSED_VARIABLE = YES;
				IPHONEOS_DEPLOYMENT_TARGET = 11.3;
				MTL_ENABLE_DEBUG_INFO = NO;
				SDKROOT = iphoneos;
				SWIFT_COMPILATION_MODE = wholemodule;
				SWIFT_OPTIMIZATION_LEVEL = "-O";
				VALIDATE_PRODUCT = YES;
			};
			name = Release;
		};
		6068EBD321563260004A44DF /* Debug */ = {
			isa = XCBuildConfiguration;
			buildSettings = {
				ASSETCATALOG_COMPILER_APPICON_NAME = AppIcon;
				CODE_SIGN_IDENTITY = "iPhone Developer";
				CODE_SIGN_STYLE = Automatic;
				DEVELOPMENT_TEAM = B6NDM93MJT;
				INFOPLIST_FILE = "$(SRCROOT)/TestAutomationExample/Info.plist";
				IPHONEOS_DEPLOYMENT_TARGET = 12.1;
				LD_RUNPATH_SEARCH_PATHS = (
					"$(inherited)",
					"@executable_path/Frameworks",
				);
				PRODUCT_BUNDLE_IDENTIFIER = "io.bartlomiejn.ui-tests-modules";
				PRODUCT_NAME = "$(TARGET_NAME)";
				PROVISIONING_PROFILE_SPECIFIER = "";
				SWIFT_VERSION = 4.0;
				TARGETED_DEVICE_FAMILY = 1;
			};
			name = Debug;
		};
		6068EBD421563260004A44DF /* Release */ = {
			isa = XCBuildConfiguration;
			buildSettings = {
				ASSETCATALOG_COMPILER_APPICON_NAME = AppIcon;
				CODE_SIGN_IDENTITY = "iPhone Developer";
				CODE_SIGN_STYLE = Automatic;
				DEVELOPMENT_TEAM = B6NDM93MJT;
				INFOPLIST_FILE = "$(SRCROOT)/TestAutomationExample/Info.plist";
				IPHONEOS_DEPLOYMENT_TARGET = 12.1;
				LD_RUNPATH_SEARCH_PATHS = (
					"$(inherited)",
					"@executable_path/Frameworks",
				);
				PRODUCT_BUNDLE_IDENTIFIER = "io.bartlomiejn.ui-tests-modules";
				PRODUCT_NAME = "$(TARGET_NAME)";
				PROVISIONING_PROFILE_SPECIFIER = "";
				SWIFT_VERSION = 4.0;
				TARGETED_DEVICE_FAMILY = 1;
			};
			name = Release;
		};
		6068EBD921563260004A44DF /* Debug */ = {
			isa = XCBuildConfiguration;
			buildSettings = {
				ALWAYS_EMBED_SWIFT_STANDARD_LIBRARIES = YES;
				CODE_SIGN_STYLE = Automatic;
				DEVELOPMENT_TEAM = B6NDM93MJT;
				INFOPLIST_FILE = TestAutomationExampleEndToEndTests/Info.plist;
				LD_RUNPATH_SEARCH_PATHS = (
					"$(inherited)",
					"@executable_path/Frameworks",
					"@loader_path/Frameworks",
				);
				PRODUCT_BUNDLE_IDENTIFIER = "io.bartlomiejn.e2e-tests.test-automation";
				PRODUCT_NAME = "$(TARGET_NAME)";
				SWIFT_VERSION = 4.0;
				TARGETED_DEVICE_FAMILY = "1,2";
				TEST_TARGET_NAME = TestAutomationExample;
			};
			name = Debug;
		};
		6068EBDA21563260004A44DF /* Release */ = {
			isa = XCBuildConfiguration;
			buildSettings = {
				ALWAYS_EMBED_SWIFT_STANDARD_LIBRARIES = YES;
				CODE_SIGN_STYLE = Automatic;
				DEVELOPMENT_TEAM = B6NDM93MJT;
				INFOPLIST_FILE = TestAutomationExampleEndToEndTests/Info.plist;
				LD_RUNPATH_SEARCH_PATHS = (
					"$(inherited)",
					"@executable_path/Frameworks",
					"@loader_path/Frameworks",
				);
				PRODUCT_BUNDLE_IDENTIFIER = "io.bartlomiejn.e2e-tests.test-automation";
				PRODUCT_NAME = "$(TARGET_NAME)";
				SWIFT_VERSION = 4.0;
				TARGETED_DEVICE_FAMILY = "1,2";
				TEST_TARGET_NAME = TestAutomationExample;
			};
			name = Release;
		};
/* End XCBuildConfiguration section */

/* Begin XCConfigurationList section */
		6068EBA52156325F004A44DF /* Build configuration list for PBXProject "TestAutomationExample" */ = {
			isa = XCConfigurationList;
			buildConfigurations = (
				6068EBD021563260004A44DF /* Debug */,
				6068EBD121563260004A44DF /* Release */,
			);
			defaultConfigurationIsVisible = 0;
			defaultConfigurationName = Release;
		};
		6068EBD221563260004A44DF /* Build configuration list for PBXNativeTarget "TestAutomationExample" */ = {
			isa = XCConfigurationList;
			buildConfigurations = (
				6068EBD321563260004A44DF /* Debug */,
				6068EBD421563260004A44DF /* Release */,
			);
			defaultConfigurationIsVisible = 0;
			defaultConfigurationName = Release;
		};
		6068EBD821563260004A44DF /* Build configuration list for PBXNativeTarget "TestAutomationExampleEndToEndTests" */ = {
			isa = XCConfigurationList;
			buildConfigurations = (
				6068EBD921563260004A44DF /* Debug */,
				6068EBDA21563260004A44DF /* Release */,
			);
			defaultConfigurationIsVisible = 0;
			defaultConfigurationName = Release;
		};
/* End XCConfigurationList section */
	};
	rootObject = 6068EBA22156325F004A44DF /* Project object */;
}
