// !$*UTF8*$!
{
	archiveVersion = 1;
	classes = {
	};
	objectVersion = 50;
	objects = {

/* Begin PBXBuildFile section */
		601258F5216119AD003A7FBE /* AuthenticationModule.swift in Sources */ = {isa = PBXBuildFile; fileRef = 601258F4216119AD003A7FBE /* AuthenticationModule.swift */; };
		601258F721611B26003A7FBE /* AppStubGenerator.swift in Sources */ = {isa = PBXBuildFile; fileRef = 601258F621611B26003A7FBE /* AppStubGenerator.swift */; };
		601258F921611B3E003A7FBE /* StubGenerator.swift in Sources */ = {isa = PBXBuildFile; fileRef = 601258F821611B3E003A7FBE /* StubGenerator.swift */; };
		6068EBAE2156325F004A44DF /* AppDelegate.swift in Sources */ = {isa = PBXBuildFile; fileRef = 6068EBAD2156325F004A44DF /* AppDelegate.swift */; };
		6068EBB521563260004A44DF /* Assets.xcassets in Resources */ = {isa = PBXBuildFile; fileRef = 6068EBB421563260004A44DF /* Assets.xcassets */; };
		6068EBB821563260004A44DF /* LaunchScreen.storyboard in Resources */ = {isa = PBXBuildFile; fileRef = 6068EBB621563260004A44DF /* LaunchScreen.storyboard */; };
		6068EBCE21563260004A44DF /* AuthenticationTests.swift in Sources */ = {isa = PBXBuildFile; fileRef = 6068EBCD21563260004A44DF /* AuthenticationTests.swift */; };
		6068EC102156364F004A44DF /* AuthenticationViewController.swift in Sources */ = {isa = PBXBuildFile; fileRef = 6068EC0A2156364E004A44DF /* AuthenticationViewController.swift */; };
		6068EC112156364F004A44DF /* AuthenticationInteractor.swift in Sources */ = {isa = PBXBuildFile; fileRef = 6068EC0B2156364E004A44DF /* AuthenticationInteractor.swift */; };
		6068EC122156364F004A44DF /* AuthenticationPresenter.swift in Sources */ = {isa = PBXBuildFile; fileRef = 6068EC0C2156364F004A44DF /* AuthenticationPresenter.swift */; };
		6068EC142156364F004A44DF /* Authentication.storyboard in Resources */ = {isa = PBXBuildFile; fileRef = 6068EC0E2156364F004A44DF /* Authentication.storyboard */; };
		6068EC152156364F004A44DF /* AuthenticationService.swift in Sources */ = {isa = PBXBuildFile; fileRef = 6068EC0F2156364F004A44DF /* AuthenticationService.swift */; };
		6068EC1F21563679004A44DF /* HTTPNetworkClient.swift in Sources */ = {isa = PBXBuildFile; fileRef = 6068EC1721563679004A44DF /* HTTPNetworkClient.swift */; };
		6068EC2021563679004A44DF /* GitHubNetworkClient.swift in Sources */ = {isa = PBXBuildFile; fileRef = 6068EC1821563679004A44DF /* GitHubNetworkClient.swift */; };
		6068EC2121563679004A44DF /* HTTPResponseStub.swift in Sources */ = {isa = PBXBuildFile; fileRef = 6068EC1A21563679004A44DF /* HTTPResponseStub.swift */; };
		6068EC2221563679004A44DF /* BasicAuthTokenGenerator.swift in Sources */ = {isa = PBXBuildFile; fileRef = 6068EC1B21563679004A44DF /* BasicAuthTokenGenerator.swift */; };
		6068EC2321563679004A44DF /* URLGenerator.swift in Sources */ = {isa = PBXBuildFile; fileRef = 6068EC1C21563679004A44DF /* URLGenerator.swift */; };
		6068EC2421563679004A44DF /* StubbedURLSession.swift in Sources */ = {isa = PBXBuildFile; fileRef = 6068EC1D21563679004A44DF /* StubbedURLSession.swift */; };
		6068EC2521563679004A44DF /* ModelDecoder.swift in Sources */ = {isa = PBXBuildFile; fileRef = 6068EC1E21563679004A44DF /* ModelDecoder.swift */; };
		6094B21121612347007AD2A9 /* Main.storyboard in Resources */ = {isa = PBXBuildFile; fileRef = 6094B21021612347007AD2A9 /* Main.storyboard */; };
		6094B21321612351007AD2A9 /* MainViewController.swift in Sources */ = {isa = PBXBuildFile; fileRef = 6094B21221612351007AD2A9 /* MainViewController.swift */; };
		6094B2162161239E007AD2A9 /* MainModule.swift in Sources */ = {isa = PBXBuildFile; fileRef = 6094B2152161239E007AD2A9 /* MainModule.swift */; };
		6094B2182161241D007AD2A9 /* ModuleProtocol.swift in Sources */ = {isa = PBXBuildFile; fileRef = 6094B2172161241D007AD2A9 /* ModuleProtocol.swift */; };
		6094B21B21612513007AD2A9 /* UIWindow+WindowProtocol.swift in Sources */ = {isa = PBXBuildFile; fileRef = 6094B21A21612513007AD2A9 /* UIWindow+WindowProtocol.swift */; };
		60A9FEDD21679999007966A7 /* AuthenticationPresenterTests.swift in Sources */ = {isa = PBXBuildFile; fileRef = 60A9FEDC21679999007966A7 /* AuthenticationPresenterTests.swift */; };
		60A9FEE0216B7121007966A7 /* AuthenticationStubGenerator.swift in Sources */ = {isa = PBXBuildFile; fileRef = 60A9FEDF216B7121007966A7 /* AuthenticationStubGenerator.swift */; };
/* End PBXBuildFile section */

/* Begin PBXContainerItemProxy section */
		6068EBBF21563260004A44DF /* PBXContainerItemProxy */ = {
			isa = PBXContainerItemProxy;
			containerPortal = 6068EBA22156325F004A44DF /* Project object */;
			proxyType = 1;
			remoteGlobalIDString = 6068EBA92156325F004A44DF;
			remoteInfo = "test-pyramid";
		};
		6068EBCA21563260004A44DF /* PBXContainerItemProxy */ = {
			isa = PBXContainerItemProxy;
			containerPortal = 6068EBA22156325F004A44DF /* Project object */;
			proxyType = 1;
			remoteGlobalIDString = 6068EBA92156325F004A44DF;
			remoteInfo = "test-pyramid";
		};
/* End PBXContainerItemProxy section */

/* Begin PBXFileReference section */
		601258F4216119AD003A7FBE /* AuthenticationModule.swift */ = {isa = PBXFileReference; lastKnownFileType = sourcecode.swift; path = AuthenticationModule.swift; sourceTree = "<group>"; };
		601258F621611B26003A7FBE /* AppStubGenerator.swift */ = {isa = PBXFileReference; lastKnownFileType = sourcecode.swift; path = AppStubGenerator.swift; sourceTree = "<group>"; };
		601258F821611B3E003A7FBE /* StubGenerator.swift */ = {isa = PBXFileReference; lastKnownFileType = sourcecode.swift; path = StubGenerator.swift; sourceTree = "<group>"; };
		6068EBAA2156325F004A44DF /* TestAutomationExample.app */ = {isa = PBXFileReference; explicitFileType = wrapper.application; includeInIndex = 0; path = TestAutomationExample.app; sourceTree = BUILT_PRODUCTS_DIR; };
		6068EBAD2156325F004A44DF /* AppDelegate.swift */ = {isa = PBXFileReference; lastKnownFileType = sourcecode.swift; path = AppDelegate.swift; sourceTree = "<group>"; };
		6068EBB421563260004A44DF /* Assets.xcassets */ = {isa = PBXFileReference; lastKnownFileType = folder.assetcatalog; path = Assets.xcassets; sourceTree = "<group>"; };
		6068EBB721563260004A44DF /* Base */ = {isa = PBXFileReference; lastKnownFileType = file.storyboard; name = Base; path = Base.lproj/LaunchScreen.storyboard; sourceTree = "<group>"; };
		6068EBB921563260004A44DF /* Info.plist */ = {isa = PBXFileReference; lastKnownFileType = text.plist.xml; path = Info.plist; sourceTree = "<group>"; };
		6068EBBE21563260004A44DF /* TestAutomationExampleUnitTests.xctest */ = {isa = PBXFileReference; explicitFileType = wrapper.cfbundle; includeInIndex = 0; path = TestAutomationExampleUnitTests.xctest; sourceTree = BUILT_PRODUCTS_DIR; };
		6068EBC421563260004A44DF /* Info.plist */ = {isa = PBXFileReference; lastKnownFileType = text.plist.xml; path = Info.plist; sourceTree = "<group>"; };
		6068EBC921563260004A44DF /* TestAutomationExampleE2ETests.xctest */ = {isa = PBXFileReference; explicitFileType = wrapper.cfbundle; includeInIndex = 0; path = TestAutomationExampleE2ETests.xctest; sourceTree = BUILT_PRODUCTS_DIR; };
		6068EBCD21563260004A44DF /* AuthenticationTests.swift */ = {isa = PBXFileReference; lastKnownFileType = sourcecode.swift; path = AuthenticationTests.swift; sourceTree = "<group>"; };
		6068EBCF21563260004A44DF /* Info.plist */ = {isa = PBXFileReference; lastKnownFileType = text.plist.xml; path = Info.plist; sourceTree = "<group>"; };
		6068EC0A2156364E004A44DF /* AuthenticationViewController.swift */ = {isa = PBXFileReference; fileEncoding = 4; lastKnownFileType = sourcecode.swift; path = AuthenticationViewController.swift; sourceTree = "<group>"; };
		6068EC0B2156364E004A44DF /* AuthenticationInteractor.swift */ = {isa = PBXFileReference; fileEncoding = 4; lastKnownFileType = sourcecode.swift; path = AuthenticationInteractor.swift; sourceTree = "<group>"; };
		6068EC0C2156364F004A44DF /* AuthenticationPresenter.swift */ = {isa = PBXFileReference; fileEncoding = 4; lastKnownFileType = sourcecode.swift; path = AuthenticationPresenter.swift; sourceTree = "<group>"; };
		6068EC0E2156364F004A44DF /* Authentication.storyboard */ = {isa = PBXFileReference; fileEncoding = 4; lastKnownFileType = file.storyboard; path = Authentication.storyboard; sourceTree = "<group>"; };
		6068EC0F2156364F004A44DF /* AuthenticationService.swift */ = {isa = PBXFileReference; fileEncoding = 4; lastKnownFileType = sourcecode.swift; path = AuthenticationService.swift; sourceTree = "<group>"; };
		6068EC1721563679004A44DF /* HTTPNetworkClient.swift */ = {isa = PBXFileReference; fileEncoding = 4; lastKnownFileType = sourcecode.swift; path = HTTPNetworkClient.swift; sourceTree = "<group>"; };
		6068EC1821563679004A44DF /* GitHubNetworkClient.swift */ = {isa = PBXFileReference; fileEncoding = 4; lastKnownFileType = sourcecode.swift; path = GitHubNetworkClient.swift; sourceTree = "<group>"; };
		6068EC1A21563679004A44DF /* HTTPResponseStub.swift */ = {isa = PBXFileReference; fileEncoding = 4; lastKnownFileType = sourcecode.swift; path = HTTPResponseStub.swift; sourceTree = "<group>"; };
		6068EC1B21563679004A44DF /* BasicAuthTokenGenerator.swift */ = {isa = PBXFileReference; fileEncoding = 4; lastKnownFileType = sourcecode.swift; path = BasicAuthTokenGenerator.swift; sourceTree = "<group>"; };
		6068EC1C21563679004A44DF /* URLGenerator.swift */ = {isa = PBXFileReference; fileEncoding = 4; lastKnownFileType = sourcecode.swift; path = URLGenerator.swift; sourceTree = "<group>"; };
		6068EC1D21563679004A44DF /* StubbedURLSession.swift */ = {isa = PBXFileReference; fileEncoding = 4; lastKnownFileType = sourcecode.swift; path = StubbedURLSession.swift; sourceTree = "<group>"; };
		6068EC1E21563679004A44DF /* ModelDecoder.swift */ = {isa = PBXFileReference; fileEncoding = 4; lastKnownFileType = sourcecode.swift; path = ModelDecoder.swift; sourceTree = "<group>"; };
		6094B21021612347007AD2A9 /* Main.storyboard */ = {isa = PBXFileReference; lastKnownFileType = file.storyboard; path = Main.storyboard; sourceTree = "<group>"; };
		6094B21221612351007AD2A9 /* MainViewController.swift */ = {isa = PBXFileReference; lastKnownFileType = sourcecode.swift; path = MainViewController.swift; sourceTree = "<group>"; };
		6094B2152161239E007AD2A9 /* MainModule.swift */ = {isa = PBXFileReference; lastKnownFileType = sourcecode.swift; path = MainModule.swift; sourceTree = "<group>"; };
		6094B2172161241D007AD2A9 /* ModuleProtocol.swift */ = {isa = PBXFileReference; lastKnownFileType = sourcecode.swift; path = ModuleProtocol.swift; sourceTree = "<group>"; };
		6094B21A21612513007AD2A9 /* UIWindow+WindowProtocol.swift */ = {isa = PBXFileReference; lastKnownFileType = sourcecode.swift; path = "UIWindow+WindowProtocol.swift"; sourceTree = "<group>"; };
		60A9FEDC21679999007966A7 /* AuthenticationPresenterTests.swift */ = {isa = PBXFileReference; lastKnownFileType = sourcecode.swift; path = AuthenticationPresenterTests.swift; sourceTree = "<group>"; };
		60A9FEDF216B7121007966A7 /* AuthenticationStubGenerator.swift */ = {isa = PBXFileReference; lastKnownFileType = sourcecode.swift; path = AuthenticationStubGenerator.swift; sourceTree = "<group>"; };
/* End PBXFileReference section */

/* Begin PBXFrameworksBuildPhase section */
		6068EBA72156325F004A44DF /* Frameworks */ = {
			isa = PBXFrameworksBuildPhase;
			buildActionMask = 2147483647;
			files = (
			);
			runOnlyForDeploymentPostprocessing = 0;
		};
		6068EBBB21563260004A44DF /* Frameworks */ = {
			isa = PBXFrameworksBuildPhase;
			buildActionMask = 2147483647;
			files = (
			);
			runOnlyForDeploymentPostprocessing = 0;
		};
		6068EBC621563260004A44DF /* Frameworks */ = {
			isa = PBXFrameworksBuildPhase;
			buildActionMask = 2147483647;
			files = (
			);
			runOnlyForDeploymentPostprocessing = 0;
		};
/* End PBXFrameworksBuildPhase section */

/* Begin PBXGroup section */
		6068EBA12156325F004A44DF = {
			isa = PBXGroup;
			children = (
				6068EBAC2156325F004A44DF /* TestAutomationExample */,
				6068EBC121563260004A44DF /* TestAutomationExampleUnitTests */,
				6068EBCC21563260004A44DF /* TestAutomationExampleE2ETests */,
				6068EBAB2156325F004A44DF /* Products */,
			);
			sourceTree = "<group>";
		};
		6068EBAB2156325F004A44DF /* Products */ = {
			isa = PBXGroup;
			children = (
				6068EBAA2156325F004A44DF /* TestAutomationExample.app */,
				6068EBBE21563260004A44DF /* TestAutomationExampleUnitTests.xctest */,
				6068EBC921563260004A44DF /* TestAutomationExampleE2ETests.xctest */,
			);
			name = Products;
			sourceTree = "<group>";
		};
		6068EBAC2156325F004A44DF /* TestAutomationExample */ = {
			isa = PBXGroup;
			children = (
				6094B219216124FE007AD2A9 /* Auxiliary */,
				6068EC1621563679004A44DF /* Networking */,
				6068EBE9215635C9004A44DF /* Modules */,
				6068EBAD2156325F004A44DF /* AppDelegate.swift */,
				6068EBB421563260004A44DF /* Assets.xcassets */,
				6068EBB621563260004A44DF /* LaunchScreen.storyboard */,
				6068EBB921563260004A44DF /* Info.plist */,
			);
			path = TestAutomationExample;
			sourceTree = "<group>";
		};
		6068EBC121563260004A44DF /* TestAutomationExampleUnitTests */ = {
			isa = PBXGroup;
			children = (
				60A9FEDB2167997F007966A7 /* Modules */,
				6068EBC421563260004A44DF /* Info.plist */,
			);
			path = TestAutomationExampleUnitTests;
			sourceTree = "<group>";
		};
		6068EBCC21563260004A44DF /* TestAutomationExampleE2ETests */ = {
			isa = PBXGroup;
			children = (
				6068EBCD21563260004A44DF /* AuthenticationTests.swift */,
				6068EBCF21563260004A44DF /* Info.plist */,
			);
			path = TestAutomationExampleE2ETests;
			sourceTree = "<group>";
		};
		6068EBE9215635C9004A44DF /* Modules */ = {
			isa = PBXGroup;
			children = (
				6094B2172161241D007AD2A9 /* ModuleProtocol.swift */,
				6094B20F21612336007AD2A9 /* Main */,
				6068EBEA215635D0004A44DF /* Authentication */,
			);
			path = Modules;
			sourceTree = "<group>";
		};
		6068EBEA215635D0004A44DF /* Authentication */ = {
			isa = PBXGroup;
			children = (
				6068EC0F2156364F004A44DF /* AuthenticationService.swift */,
				6068EC0B2156364E004A44DF /* AuthenticationInteractor.swift */,
				6068EC0C2156364F004A44DF /* AuthenticationPresenter.swift */,
				6068EC0A2156364E004A44DF /* AuthenticationViewController.swift */,
				601258F4216119AD003A7FBE /* AuthenticationModule.swift */,
				6068EC0E2156364F004A44DF /* Authentication.storyboard */,
			);
			path = Authentication;
			sourceTree = "<group>";
		};
		6068EC1621563679004A44DF /* Networking */ = {
			isa = PBXGroup;
			children = (
				6068EC262156372E004A44DF /* Stubbing */,
				6068EC1921563679004A44DF /* Auxiliary */,
				6068EC1721563679004A44DF /* HTTPNetworkClient.swift */,
				6068EC1821563679004A44DF /* GitHubNetworkClient.swift */,
			);
			path = Networking;
			sourceTree = "<group>";
		};
		6068EC1921563679004A44DF /* Auxiliary */ = {
			isa = PBXGroup;
			children = (
				6068EC1B21563679004A44DF /* BasicAuthTokenGenerator.swift */,
				6068EC1C21563679004A44DF /* URLGenerator.swift */,
				6068EC1E21563679004A44DF /* ModelDecoder.swift */,
			);
			path = Auxiliary;
			sourceTree = "<group>";
		};
		6068EC262156372E004A44DF /* Stubbing */ = {
			isa = PBXGroup;
			children = (
				60A9FEDE216B7101007966A7 /* Auxiliary */,
				601258F621611B26003A7FBE /* AppStubGenerator.swift */,
				60A9FEDF216B7121007966A7 /* AuthenticationStubGenerator.swift */,
			);
			path = Stubbing;
			sourceTree = "<group>";
		};
		6094B20F21612336007AD2A9 /* Main */ = {
			isa = PBXGroup;
			children = (
				6094B21221612351007AD2A9 /* MainViewController.swift */,
				6094B2152161239E007AD2A9 /* MainModule.swift */,
				6094B21021612347007AD2A9 /* Main.storyboard */,
			);
			path = Main;
			sourceTree = "<group>";
		};
		6094B219216124FE007AD2A9 /* Auxiliary */ = {
			isa = PBXGroup;
			children = (
				6094B21A21612513007AD2A9 /* UIWindow+WindowProtocol.swift */,
			);
			path = Auxiliary;
			sourceTree = "<group>";
		};
		60A9FEDB2167997F007966A7 /* Modules */ = {
			isa = PBXGroup;
			children = (
				60A9FEDC21679999007966A7 /* AuthenticationPresenterTests.swift */,
			);
			path = Modules;
			sourceTree = "<group>";
		};
		60A9FEDE216B7101007966A7 /* Auxiliary */ = {
			isa = PBXGroup;
			children = (
				6068EC1A21563679004A44DF /* HTTPResponseStub.swift */,
				6068EC1D21563679004A44DF /* StubbedURLSession.swift */,
				601258F821611B3E003A7FBE /* StubGenerator.swift */,
			);
			path = Auxiliary;
			sourceTree = "<group>";
		};
/* End PBXGroup section */

/* Begin PBXNativeTarget section */
		6068EBA92156325F004A44DF /* TestAutomationExample */ = {
			isa = PBXNativeTarget;
			buildConfigurationList = 6068EBD221563260004A44DF /* Build configuration list for PBXNativeTarget "TestAutomationExample" */;
			buildPhases = (
				6068EBA62156325F004A44DF /* Sources */,
				6068EBA72156325F004A44DF /* Frameworks */,
				6068EBA82156325F004A44DF /* Resources */,
			);
			buildRules = (
			);
			dependencies = (
			);
			name = TestAutomationExample;
			productName = "test-pyramid";
			productReference = 6068EBAA2156325F004A44DF /* TestAutomationExample.app */;
			productType = "com.apple.product-type.application";
		};
		6068EBBD21563260004A44DF /* TestAutomationExampleUnitTests */ = {
			isa = PBXNativeTarget;
			buildConfigurationList = 6068EBD521563260004A44DF /* Build configuration list for PBXNativeTarget "TestAutomationExampleUnitTests" */;
			buildPhases = (
				6068EBBA21563260004A44DF /* Sources */,
				6068EBBB21563260004A44DF /* Frameworks */,
				6068EBBC21563260004A44DF /* Resources */,
			);
			buildRules = (
			);
			dependencies = (
				6068EBC021563260004A44DF /* PBXTargetDependency */,
			);
			name = TestAutomationExampleUnitTests;
			productName = "test-pyramidTests";
			productReference = 6068EBBE21563260004A44DF /* TestAutomationExampleUnitTests.xctest */;
			productType = "com.apple.product-type.bundle.unit-test";
		};
		6068EBC821563260004A44DF /* TestAutomationExampleE2ETests */ = {
			isa = PBXNativeTarget;
			buildConfigurationList = 6068EBD821563260004A44DF /* Build configuration list for PBXNativeTarget "TestAutomationExampleE2ETests" */;
			buildPhases = (
				6068EBC521563260004A44DF /* Sources */,
				6068EBC621563260004A44DF /* Frameworks */,
				6068EBC721563260004A44DF /* Resources */,
			);
			buildRules = (
			);
			dependencies = (
				6068EBCB21563260004A44DF /* PBXTargetDependency */,
			);
			name = TestAutomationExampleE2ETests;
			productName = "test-pyramidUITests";
			productReference = 6068EBC921563260004A44DF /* TestAutomationExampleE2ETests.xctest */;
			productType = "com.apple.product-type.bundle.ui-testing";
		};
/* End PBXNativeTarget section */

/* Begin PBXProject section */
		6068EBA22156325F004A44DF /* Project object */ = {
			isa = PBXProject;
			attributes = {
				LastSwiftUpdateCheck = 0930;
				LastUpgradeCheck = 0930;
				ORGANIZATIONNAME = "Bartłomiej Nowak";
				TargetAttributes = {
					6068EBA92156325F004A44DF = {
						CreatedOnToolsVersion = 9.3.1;
					};
					6068EBBD21563260004A44DF = {
						CreatedOnToolsVersion = 9.3.1;
						TestTargetID = 6068EBA92156325F004A44DF;
					};
					6068EBC821563260004A44DF = {
						CreatedOnToolsVersion = 9.3.1;
						TestTargetID = 6068EBA92156325F004A44DF;
					};
				};
			};
			buildConfigurationList = 6068EBA52156325F004A44DF /* Build configuration list for PBXProject "TestAutomationExample" */;
			compatibilityVersion = "Xcode 9.3";
			developmentRegion = en;
			hasScannedForEncodings = 0;
			knownRegions = (
				en,
				Base,
			);
			mainGroup = 6068EBA12156325F004A44DF;
			productRefGroup = 6068EBAB2156325F004A44DF /* Products */;
			projectDirPath = "";
			projectRoot = "";
			targets = (
				6068EBA92156325F004A44DF /* TestAutomationExample */,
				6068EBBD21563260004A44DF /* TestAutomationExampleUnitTests */,
				6068EBC821563260004A44DF /* TestAutomationExampleE2ETests */,
			);
		};
/* End PBXProject section */

/* Begin PBXResourcesBuildPhase section */
		6068EBA82156325F004A44DF /* Resources */ = {
			isa = PBXResourcesBuildPhase;
			buildActionMask = 2147483647;
			files = (
				6068EC142156364F004A44DF /* Authentication.storyboard in Resources */,
				6068EBB821563260004A44DF /* LaunchScreen.storyboard in Resources */,
				6094B21121612347007AD2A9 /* Main.storyboard in Resources */,
				6068EBB521563260004A44DF /* Assets.xcassets in Resources */,
			);
			runOnlyForDeploymentPostprocessing = 0;
		};
		6068EBBC21563260004A44DF /* Resources */ = {
			isa = PBXResourcesBuildPhase;
			buildActionMask = 2147483647;
			files = (
			);
			runOnlyForDeploymentPostprocessing = 0;
		};
		6068EBC721563260004A44DF /* Resources */ = {
			isa = PBXResourcesBuildPhase;
			buildActionMask = 2147483647;
			files = (
			);
			runOnlyForDeploymentPostprocessing = 0;
		};
/* End PBXResourcesBuildPhase section */

/* Begin PBXSourcesBuildPhase section */
		6068EBA62156325F004A44DF /* Sources */ = {
			isa = PBXSourcesBuildPhase;
			buildActionMask = 2147483647;
			files = (
				6068EC2121563679004A44DF /* HTTPResponseStub.swift in Sources */,
				6068EC112156364F004A44DF /* AuthenticationInteractor.swift in Sources */,
				6068EC2221563679004A44DF /* BasicAuthTokenGenerator.swift in Sources */,
				601258F921611B3E003A7FBE /* StubGenerator.swift in Sources */,
				6068EC122156364F004A44DF /* AuthenticationPresenter.swift in Sources */,
				6068EC2021563679004A44DF /* GitHubNetworkClient.swift in Sources */,
				601258F5216119AD003A7FBE /* AuthenticationModule.swift in Sources */,
				6068EC2421563679004A44DF /* StubbedURLSession.swift in Sources */,
				6068EC1F21563679004A44DF /* HTTPNetworkClient.swift in Sources */,
				6068EC2521563679004A44DF /* ModelDecoder.swift in Sources */,
				6094B2182161241D007AD2A9 /* ModuleProtocol.swift in Sources */,
				6094B21321612351007AD2A9 /* MainViewController.swift in Sources */,
				6068EC2321563679004A44DF /* URLGenerator.swift in Sources */,
				6068EC102156364F004A44DF /* AuthenticationViewController.swift in Sources */,
				6068EBAE2156325F004A44DF /* AppDelegate.swift in Sources */,
				6068EC152156364F004A44DF /* AuthenticationService.swift in Sources */,
				601258F721611B26003A7FBE /* AppStubGenerator.swift in Sources */,
				6094B2162161239E007AD2A9 /* MainModule.swift in Sources */,
				6094B21B21612513007AD2A9 /* UIWindow+WindowProtocol.swift in Sources */,
				60A9FEE0216B7121007966A7 /* AuthenticationStubGenerator.swift in Sources */,
			);
			runOnlyForDeploymentPostprocessing = 0;
		};
		6068EBBA21563260004A44DF /* Sources */ = {
			isa = PBXSourcesBuildPhase;
			buildActionMask = 2147483647;
			files = (
				60A9FEDD21679999007966A7 /* AuthenticationPresenterTests.swift in Sources */,
			);
			runOnlyForDeploymentPostprocessing = 0;
		};
		6068EBC521563260004A44DF /* Sources */ = {
			isa = PBXSourcesBuildPhase;
			buildActionMask = 2147483647;
			files = (
				6068EBCE21563260004A44DF /* AuthenticationTests.swift in Sources */,
			);
			runOnlyForDeploymentPostprocessing = 0;
		};
/* End PBXSourcesBuildPhase section */

/* Begin PBXTargetDependency section */
		6068EBC021563260004A44DF /* PBXTargetDependency */ = {
			isa = PBXTargetDependency;
			target = 6068EBA92156325F004A44DF /* TestAutomationExample */;
			targetProxy = 6068EBBF21563260004A44DF /* PBXContainerItemProxy */;
		};
		6068EBCB21563260004A44DF /* PBXTargetDependency */ = {
			isa = PBXTargetDependency;
			target = 6068EBA92156325F004A44DF /* TestAutomationExample */;
			targetProxy = 6068EBCA21563260004A44DF /* PBXContainerItemProxy */;
		};
/* End PBXTargetDependency section */

/* Begin PBXVariantGroup section */
		6068EBB621563260004A44DF /* LaunchScreen.storyboard */ = {
			isa = PBXVariantGroup;
			children = (
				6068EBB721563260004A44DF /* Base */,
			);
			name = LaunchScreen.storyboard;
			sourceTree = "<group>";
		};
/* End PBXVariantGroup section */

/* Begin XCBuildConfiguration section */
		6068EBD021563260004A44DF /* Debug */ = {
			isa = XCBuildConfiguration;
			buildSettings = {
				ALWAYS_SEARCH_USER_PATHS = NO;
				CLANG_ANALYZER_NONNULL = YES;
				CLANG_ANALYZER_NUMBER_OBJECT_CONVERSION = YES_AGGRESSIVE;
				CLANG_CXX_LANGUAGE_STANDARD = "gnu++14";
				CLANG_CXX_LIBRARY = "libc++";
				CLANG_ENABLE_MODULES = YES;
				CLANG_ENABLE_OBJC_ARC = YES;
				CLANG_ENABLE_OBJC_WEAK = YES;
				CLANG_WARN_BLOCK_CAPTURE_AUTORELEASING = YES;
				CLANG_WARN_BOOL_CONVERSION = YES;
				CLANG_WARN_COMMA = YES;
				CLANG_WARN_CONSTANT_CONVERSION = YES;
				CLANG_WARN_DEPRECATED_OBJC_IMPLEMENTATIONS = YES;
				CLANG_WARN_DIRECT_OBJC_ISA_USAGE = YES_ERROR;
				CLANG_WARN_DOCUMENTATION_COMMENTS = YES;
				CLANG_WARN_EMPTY_BODY = YES;
				CLANG_WARN_ENUM_CONVERSION = YES;
				CLANG_WARN_INFINITE_RECURSION = YES;
				CLANG_WARN_INT_CONVERSION = YES;
				CLANG_WARN_NON_LITERAL_NULL_CONVERSION = YES;
				CLANG_WARN_OBJC_IMPLICIT_RETAIN_SELF = YES;
				CLANG_WARN_OBJC_LITERAL_CONVERSION = YES;
				CLANG_WARN_OBJC_ROOT_CLASS = YES_ERROR;
				CLANG_WARN_RANGE_LOOP_ANALYSIS = YES;
				CLANG_WARN_STRICT_PROTOTYPES = YES;
				CLANG_WARN_SUSPICIOUS_MOVE = YES;
				CLANG_WARN_UNGUARDED_AVAILABILITY = YES_AGGRESSIVE;
				CLANG_WARN_UNREACHABLE_CODE = YES;
				CLANG_WARN__DUPLICATE_METHOD_MATCH = YES;
				CODE_SIGN_IDENTITY = "iPhone Developer";
				COPY_PHASE_STRIP = NO;
				DEBUG_INFORMATION_FORMAT = dwarf;
				ENABLE_STRICT_OBJC_MSGSEND = YES;
				ENABLE_TESTABILITY = YES;
				GCC_C_LANGUAGE_STANDARD = gnu11;
				GCC_DYNAMIC_NO_PIC = NO;
				GCC_NO_COMMON_BLOCKS = YES;
				GCC_OPTIMIZATION_LEVEL = 0;
				GCC_PREPROCESSOR_DEFINITIONS = (
					"DEBUG=1",
					"$(inherited)",
				);
				GCC_WARN_64_TO_32_BIT_CONVERSION = YES;
				GCC_WARN_ABOUT_RETURN_TYPE = YES_ERROR;
				GCC_WARN_UNDECLARED_SELECTOR = YES;
				GCC_WARN_UNINITIALIZED_AUTOS = YES_AGGRESSIVE;
				GCC_WARN_UNUSED_FUNCTION = YES;
				GCC_WARN_UNUSED_VARIABLE = YES;
				IPHONEOS_DEPLOYMENT_TARGET = 11.3;
				MTL_ENABLE_DEBUG_INFO = YES;
				ONLY_ACTIVE_ARCH = YES;
				SDKROOT = iphoneos;
				SWIFT_ACTIVE_COMPILATION_CONDITIONS = DEBUG;
				SWIFT_OPTIMIZATION_LEVEL = "-Onone";
			};
			name = Debug;
		};
		6068EBD121563260004A44DF /* Release */ = {
			isa = XCBuildConfiguration;
			buildSettings = {
				ALWAYS_SEARCH_USER_PATHS = NO;
				CLANG_ANALYZER_NONNULL = YES;
				CLANG_ANALYZER_NUMBER_OBJECT_CONVERSION = YES_AGGRESSIVE;
				CLANG_CXX_LANGUAGE_STANDARD = "gnu++14";
				CLANG_CXX_LIBRARY = "libc++";
				CLANG_ENABLE_MODULES = YES;
				CLANG_ENABLE_OBJC_ARC = YES;
				CLANG_ENABLE_OBJC_WEAK = YES;
				CLANG_WARN_BLOCK_CAPTURE_AUTORELEASING = YES;
				CLANG_WARN_BOOL_CONVERSION = YES;
				CLANG_WARN_COMMA = YES;
				CLANG_WARN_CONSTANT_CONVERSION = YES;
				CLANG_WARN_DEPRECATED_OBJC_IMPLEMENTATIONS = YES;
				CLANG_WARN_DIRECT_OBJC_ISA_USAGE = YES_ERROR;
				CLANG_WARN_DOCUMENTATION_COMMENTS = YES;
				CLANG_WARN_EMPTY_BODY = YES;
				CLANG_WARN_ENUM_CONVERSION = YES;
				CLANG_WARN_INFINITE_RECURSION = YES;
				CLANG_WARN_INT_CONVERSION = YES;
				CLANG_WARN_NON_LITERAL_NULL_CONVERSION = YES;
				CLANG_WARN_OBJC_IMPLICIT_RETAIN_SELF = YES;
				CLANG_WARN_OBJC_LITERAL_CONVERSION = YES;
				CLANG_WARN_OBJC_ROOT_CLASS = YES_ERROR;
				CLANG_WARN_RANGE_LOOP_ANALYSIS = YES;
				CLANG_WARN_STRICT_PROTOTYPES = YES;
				CLANG_WARN_SUSPICIOUS_MOVE = YES;
				CLANG_WARN_UNGUARDED_AVAILABILITY = YES_AGGRESSIVE;
				CLANG_WARN_UNREACHABLE_CODE = YES;
				CLANG_WARN__DUPLICATE_METHOD_MATCH = YES;
				CODE_SIGN_IDENTITY = "iPhone Developer";
				COPY_PHASE_STRIP = NO;
				DEBUG_INFORMATION_FORMAT = "dwarf-with-dsym";
				ENABLE_NS_ASSERTIONS = NO;
				ENABLE_STRICT_OBJC_MSGSEND = YES;
				GCC_C_LANGUAGE_STANDARD = gnu11;
				GCC_NO_COMMON_BLOCKS = YES;
				GCC_WARN_64_TO_32_BIT_CONVERSION = YES;
				GCC_WARN_ABOUT_RETURN_TYPE = YES_ERROR;
				GCC_WARN_UNDECLARED_SELECTOR = YES;
				GCC_WARN_UNINITIALIZED_AUTOS = YES_AGGRESSIVE;
				GCC_WARN_UNUSED_FUNCTION = YES;
				GCC_WARN_UNUSED_VARIABLE = YES;
				IPHONEOS_DEPLOYMENT_TARGET = 11.3;
				MTL_ENABLE_DEBUG_INFO = NO;
				SDKROOT = iphoneos;
				SWIFT_COMPILATION_MODE = wholemodule;
				SWIFT_OPTIMIZATION_LEVEL = "-O";
				VALIDATE_PRODUCT = YES;
			};
			name = Release;
		};
		6068EBD321563260004A44DF /* Debug */ = {
			isa = XCBuildConfiguration;
			buildSettings = {
				ASSETCATALOG_COMPILER_APPICON_NAME = AppIcon;
				CODE_SIGN_STYLE = Automatic;
				DEVELOPMENT_TEAM = 9FTKHT3TNN;
				INFOPLIST_FILE = "$(SRCROOT)/TestAutomationExample/Info.plist";
				LD_RUNPATH_SEARCH_PATHS = (
					"$(inherited)",
					"@executable_path/Frameworks",
				);
				PRODUCT_BUNDLE_IDENTIFIER = "io.bartlomiejn.test-automation";
				PRODUCT_NAME = "$(TARGET_NAME)";
				SWIFT_VERSION = 4.0;
				TARGETED_DEVICE_FAMILY = 1;
			};
			name = Debug;
		};
		6068EBD421563260004A44DF /* Release */ = {
			isa = XCBuildConfiguration;
			buildSettings = {
				ASSETCATALOG_COMPILER_APPICON_NAME = AppIcon;
				CODE_SIGN_STYLE = Automatic;
				DEVELOPMENT_TEAM = 9FTKHT3TNN;
				INFOPLIST_FILE = "$(SRCROOT)/TestAutomationExample/Info.plist";
				LD_RUNPATH_SEARCH_PATHS = (
					"$(inherited)",
					"@executable_path/Frameworks",
				);
				PRODUCT_BUNDLE_IDENTIFIER = "io.bartlomiejn.test-automation";
				PRODUCT_NAME = "$(TARGET_NAME)";
				SWIFT_VERSION = 4.0;
				TARGETED_DEVICE_FAMILY = 1;
			};
			name = Release;
		};
		6068EBD621563260004A44DF /* Debug */ = {
			isa = XCBuildConfiguration;
			buildSettings = {
				ALWAYS_EMBED_SWIFT_STANDARD_LIBRARIES = YES;
				BUNDLE_LOADER = "$(TEST_HOST)";
				CODE_SIGN_STYLE = Automatic;
				DEVELOPMENT_TEAM = B6NDM93MJT;
				INFOPLIST_FILE = TestAutomationExampleUnitTests/Info.plist;
				LD_RUNPATH_SEARCH_PATHS = (
					"$(inherited)",
					"@executable_path/Frameworks",
					"@loader_path/Frameworks",
				);
				PRODUCT_BUNDLE_IDENTIFIER = "io.bartlomiejn.unit-tests.test-automation";
				PRODUCT_NAME = "$(TARGET_NAME)";
				SWIFT_VERSION = 4.0;
				TARGETED_DEVICE_FAMILY = "1,2";
				TEST_HOST = "$(BUILT_PRODUCTS_DIR)/TestAutomationExample.app/TestAutomationExample";
			};
			name = Debug;
		};
		6068EBD721563260004A44DF /* Release */ = {
			isa = XCBuildConfiguration;
			buildSettings = {
				ALWAYS_EMBED_SWIFT_STANDARD_LIBRARIES = YES;
				BUNDLE_LOADER = "$(TEST_HOST)";
				CODE_SIGN_STYLE = Automatic;
				DEVELOPMENT_TEAM = B6NDM93MJT;
				INFOPLIST_FILE = TestAutomationExampleUnitTests/Info.plist;
				LD_RUNPATH_SEARCH_PATHS = (
					"$(inherited)",
					"@executable_path/Frameworks",
					"@loader_path/Frameworks",
				);
				PRODUCT_BUNDLE_IDENTIFIER = "io.bartlomiejn.unit-tests.test-automation";
				PRODUCT_NAME = "$(TARGET_NAME)";
				SWIFT_VERSION = 4.0;
				TARGETED_DEVICE_FAMILY = "1,2";
				TEST_HOST = "$(BUILT_PRODUCTS_DIR)/TestAutomationExample.app/TestAutomationExample";
			};
			name = Release;
		};
		6068EBD921563260004A44DF /* Debug */ = {
			isa = XCBuildConfiguration;
			buildSettings = {
				ALWAYS_EMBED_SWIFT_STANDARD_LIBRARIES = YES;
				CODE_SIGN_STYLE = Automatic;
				DEVELOPMENT_TEAM = B6NDM93MJT;
				INFOPLIST_FILE = TestAutomationExampleE2ETests/Info.plist;
				LD_RUNPATH_SEARCH_PATHS = (
					"$(inherited)",
					"@executable_path/Frameworks",
					"@loader_path/Frameworks",
				);
				PRODUCT_BUNDLE_IDENTIFIER = "io.bartlomiejn.e2e-tests.test-automation";
				PRODUCT_NAME = "$(TARGET_NAME)";
				SWIFT_VERSION = 4.0;
				TARGETED_DEVICE_FAMILY = "1,2";
				TEST_TARGET_NAME = TestAutomationExample;
			};
			name = Debug;
		};
		6068EBDA21563260004A44DF /* Release */ = {
			isa = XCBuildConfiguration;
			buildSettings = {
				ALWAYS_EMBED_SWIFT_STANDARD_LIBRARIES = YES;
				CODE_SIGN_STYLE = Automatic;
				DEVELOPMENT_TEAM = B6NDM93MJT;
				INFOPLIST_FILE = TestAutomationExampleE2ETests/Info.plist;
				LD_RUNPATH_SEARCH_PATHS = (
					"$(inherited)",
					"@executable_path/Frameworks",
					"@loader_path/Frameworks",
				);
				PRODUCT_BUNDLE_IDENTIFIER = "io.bartlomiejn.e2e-tests.test-automation";
				PRODUCT_NAME = "$(TARGET_NAME)";
				SWIFT_VERSION = 4.0;
				TARGETED_DEVICE_FAMILY = "1,2";
				TEST_TARGET_NAME = TestAutomationExample;
			};
			name = Release;
		};
/* End XCBuildConfiguration section */

/* Begin XCConfigurationList section */
		6068EBA52156325F004A44DF /* Build configuration list for PBXProject "TestAutomationExample" */ = {
			isa = XCConfigurationList;
			buildConfigurations = (
				6068EBD021563260004A44DF /* Debug */,
				6068EBD121563260004A44DF /* Release */,
			);
			defaultConfigurationIsVisible = 0;
			defaultConfigurationName = Release;
		};
		6068EBD221563260004A44DF /* Build configuration list for PBXNativeTarget "TestAutomationExample" */ = {
			isa = XCConfigurationList;
			buildConfigurations = (
				6068EBD321563260004A44DF /* Debug */,
				6068EBD421563260004A44DF /* Release */,
			);
			defaultConfigurationIsVisible = 0;
			defaultConfigurationName = Release;
		};
		6068EBD521563260004A44DF /* Build configuration list for PBXNativeTarget "TestAutomationExampleUnitTests" */ = {
			isa = XCConfigurationList;
			buildConfigurations = (
				6068EBD621563260004A44DF /* Debug */,
				6068EBD721563260004A44DF /* Release */,
			);
			defaultConfigurationIsVisible = 0;
			defaultConfigurationName = Release;
		};
		6068EBD821563260004A44DF /* Build configuration list for PBXNativeTarget "TestAutomationExampleE2ETests" */ = {
			isa = XCConfigurationList;
			buildConfigurations = (
				6068EBD921563260004A44DF /* Debug */,
				6068EBDA21563260004A44DF /* Release */,
			);
			defaultConfigurationIsVisible = 0;
			defaultConfigurationName = Release;
		};
/* End XCConfigurationList section */
	};
	rootObject = 6068EBA22156325F004A44DF /* Project object */;
}
